
Microsoft Visual Studio Solution File, Format Version 12.00
# Visual Studio Version 17
VisualStudioVersion = 17.6.33815.320
MinimumVisualStudioVersion = 10.0.40219.1
Project("{FAE04EC0-301F-11D3-BF4B-00C04F79EFBC}") = "SkillFactory-Module-13.6.2-Task2", "SkillFactory-Module-13.6.2-Task2\SkillFactory-Module-13.6.2-Task2.csproj", "{96111404-FC60-4BF0-A0F1-A32D7697656B}"
EndProject
Global
	GlobalSection(SolutionConfigurationPlatforms) = preSolution
		Debug|Any CPU = Debug|Any CPU
		Release|Any CPU = Release|Any CPU
	EndGlobalSection
	GlobalSection(ProjectConfigurationPlatforms) = postSolution
		{96111404-FC60-4BF0-A0F1-A32D7697656B}.Debug|Any CPU.ActiveCfg = Debug|Any CPU
		{96111404-FC60-4BF0-A0F1-A32D7697656B}.Debug|Any CPU.Build.0 = Debug|Any CPU
		{96111404-FC60-4BF0-A0F1-A32D7697656B}.Release|Any CPU.ActiveCfg = Release|Any CPU
		{96111404-FC60-4BF0-A0F1-A32D7697656B}.Release|Any CPU.Build.0 = Release|Any CPU
	EndGlobalSection
	GlobalSection(SolutionProperties) = preSolution
		HideSolutionNode = FALSE
	EndGlobalSection
	GlobalSection(ExtensibilityGlobals) = postSolution
		SolutionGuid = {27BF872A-CE60-41D8-8624-A3581F6F5B3E}
	EndGlobalSection
EndGlobal
